// !$*UTF8*$!
{
	archiveVersion = 1;
	classes = {
	};
	objectVersion = 46;
	objects = {

/* Begin PBXBuildFile section */
		397CE6DC8DA92A1669534025 /* libPods.a in Frameworks */ = {isa = PBXBuildFile; fileRef = DB4F121A100FD3D34F75E5B4 /* libPods.a */; };
		9028864F1C1782D2009AC31F /* User.m in Sources */ = {isa = PBXBuildFile; fileRef = 9028864E1C1782D2009AC31F /* User.m */; };
		902886521C178821009AC31F /* Questions.m in Sources */ = {isa = PBXBuildFile; fileRef = 902886511C178821009AC31F /* Questions.m */; };
		90D22E781C16407500CA417A /* hamburger.png in Resources */ = {isa = PBXBuildFile; fileRef = 90D22E771C16407500CA417A /* hamburger.png */; };
		90D22E7D1C16715C00CA417A /* Error.m in Sources */ = {isa = PBXBuildFile; fileRef = 90D22E7C1C16715C00CA417A /* Error.m */; };
		90EE435F1C1627DA007811E8 /* main.m in Sources */ = {isa = PBXBuildFile; fileRef = 90EE435E1C1627DA007811E8 /* main.m */; };
		90EE43621C1627DA007811E8 /* AppDelegate.m in Sources */ = {isa = PBXBuildFile; fileRef = 90EE43611C1627DA007811E8 /* AppDelegate.m */; };
		90EE43681C1627DA007811E8 /* Main.storyboard in Resources */ = {isa = PBXBuildFile; fileRef = 90EE43661C1627DA007811E8 /* Main.storyboard */; };
		90EE436B1C1627DA007811E8 /* StackOverflow.xcdatamodeld in Sources */ = {isa = PBXBuildFile; fileRef = 90EE43691C1627DA007811E8 /* StackOverflow.xcdatamodeld */; };
		90EE436D1C1627DA007811E8 /* Assets.xcassets in Resources */ = {isa = PBXBuildFile; fileRef = 90EE436C1C1627DA007811E8 /* Assets.xcassets */; };
		90EE43701C1627DA007811E8 /* LaunchScreen.storyboard in Resources */ = {isa = PBXBuildFile; fileRef = 90EE436E1C1627DA007811E8 /* LaunchScreen.storyboard */; };
		90EE437B1C1627DB007811E8 /* StackOverflowTests.m in Sources */ = {isa = PBXBuildFile; fileRef = 90EE437A1C1627DB007811E8 /* StackOverflowTests.m */; };
		90EE43861C1627DB007811E8 /* StackOverflowUITests.m in Sources */ = {isa = PBXBuildFile; fileRef = 90EE43851C1627DB007811E8 /* StackOverflowUITests.m */; };
		90EE43961C16319F007811E8 /* MenuContainerViewController.m in Sources */ = {isa = PBXBuildFile; fileRef = 90EE43951C16319F007811E8 /* MenuContainerViewController.m */; };
		90EE43991C163254007811E8 /* OAuthWebViewController.m in Sources */ = {isa = PBXBuildFile; fileRef = 90EE43981C163254007811E8 /* OAuthWebViewController.m */; };
		90EE439C1C16327A007811E8 /* MainContentViewController.m in Sources */ = {isa = PBXBuildFile; fileRef = 90EE439B1C16327A007811E8 /* MainContentViewController.m */; };
		90EE439F1C1632AA007811E8 /* MenuTableViewController.m in Sources */ = {isa = PBXBuildFile; fileRef = 90EE439E1C1632AA007811E8 /* MenuTableViewController.m */; };
		90EE43A21C1632EA007811E8 /* MyQuestionsViewController.m in Sources */ = {isa = PBXBuildFile; fileRef = 90EE43A11C1632EA007811E8 /* MyQuestionsViewController.m */; };
/* End PBXBuildFile section */

/* Begin PBXContainerItemProxy section */
		90EE43771C1627DB007811E8 /* PBXContainerItemProxy */ = {
			isa = PBXContainerItemProxy;
			containerPortal = 90EE43521C1627DA007811E8 /* Project object */;
			proxyType = 1;
			remoteGlobalIDString = 90EE43591C1627DA007811E8;
			remoteInfo = StackOverflow;
		};
		90EE43821C1627DB007811E8 /* PBXContainerItemProxy */ = {
			isa = PBXContainerItemProxy;
			containerPortal = 90EE43521C1627DA007811E8 /* Project object */;
			proxyType = 1;
			remoteGlobalIDString = 90EE43591C1627DA007811E8;
			remoteInfo = StackOverflow;
		};
/* End PBXContainerItemProxy section */

/* Begin PBXFileReference section */
		7E233B9741545704EA1AEF39 /* Pods.release.xcconfig */ = {isa = PBXFileReference; includeInIndex = 1; lastKnownFileType = text.xcconfig; name = Pods.release.xcconfig; path = "Pods/Target Support Files/Pods/Pods.release.xcconfig"; sourceTree = "<group>"; };
		9028864D1C1782D2009AC31F /* User.h */ = {isa = PBXFileReference; fileEncoding = 4; lastKnownFileType = sourcecode.c.h; path = User.h; sourceTree = "<group>"; };
		9028864E1C1782D2009AC31F /* User.m */ = {isa = PBXFileReference; fileEncoding = 4; lastKnownFileType = sourcecode.c.objc; path = User.m; sourceTree = "<group>"; };
		902886501C178821009AC31F /* Questions.h */ = {isa = PBXFileReference; fileEncoding = 4; lastKnownFileType = sourcecode.c.h; path = Questions.h; sourceTree = "<group>"; };
		902886511C178821009AC31F /* Questions.m */ = {isa = PBXFileReference; fileEncoding = 4; lastKnownFileType = sourcecode.c.objc; path = Questions.m; sourceTree = "<group>"; };
		90D22E771C16407500CA417A /* hamburger.png */ = {isa = PBXFileReference; lastKnownFileType = image.png; path = hamburger.png; sourceTree = "<group>"; };
		90D22E7B1C16715C00CA417A /* Error.h */ = {isa = PBXFileReference; fileEncoding = 4; lastKnownFileType = sourcecode.c.h; name = Error.h; path = ../Error.h; sourceTree = "<group>"; };
		90D22E7C1C16715C00CA417A /* Error.m */ = {isa = PBXFileReference; fileEncoding = 4; lastKnownFileType = sourcecode.c.objc; name = Error.m; path = ../Error.m; sourceTree = "<group>"; };
		90EE435A1C1627DA007811E8 /* StackOverflow.app */ = {isa = PBXFileReference; explicitFileType = wrapper.application; includeInIndex = 0; path = StackOverflow.app; sourceTree = BUILT_PRODUCTS_DIR; };
		90EE435E1C1627DA007811E8 /* main.m */ = {isa = PBXFileReference; lastKnownFileType = sourcecode.c.objc; path = main.m; sourceTree = "<group>"; };
		90EE43601C1627DA007811E8 /* AppDelegate.h */ = {isa = PBXFileReference; lastKnownFileType = sourcecode.c.h; path = AppDelegate.h; sourceTree = "<group>"; };
		90EE43611C1627DA007811E8 /* AppDelegate.m */ = {isa = PBXFileReference; lastKnownFileType = sourcecode.c.objc; path = AppDelegate.m; sourceTree = "<group>"; };
		90EE43671C1627DA007811E8 /* Base */ = {isa = PBXFileReference; lastKnownFileType = file.storyboard; name = Base; path = Base.lproj/Main.storyboard; sourceTree = "<group>"; };
		90EE436A1C1627DA007811E8 /* StackOverflow.xcdatamodel */ = {isa = PBXFileReference; lastKnownFileType = wrapper.xcdatamodel; path = StackOverflow.xcdatamodel; sourceTree = "<group>"; };
		90EE436C1C1627DA007811E8 /* Assets.xcassets */ = {isa = PBXFileReference; lastKnownFileType = folder.assetcatalog; path = Assets.xcassets; sourceTree = "<group>"; };
		90EE436F1C1627DA007811E8 /* Base */ = {isa = PBXFileReference; lastKnownFileType = file.storyboard; name = Base; path = Base.lproj/LaunchScreen.storyboard; sourceTree = "<group>"; };
		90EE43711C1627DA007811E8 /* Info.plist */ = {isa = PBXFileReference; lastKnownFileType = text.plist.xml; path = Info.plist; sourceTree = "<group>"; };
		90EE43761C1627DB007811E8 /* StackOverflowTests.xctest */ = {isa = PBXFileReference; explicitFileType = wrapper.cfbundle; includeInIndex = 0; path = StackOverflowTests.xctest; sourceTree = BUILT_PRODUCTS_DIR; };
		90EE437A1C1627DB007811E8 /* StackOverflowTests.m */ = {isa = PBXFileReference; lastKnownFileType = sourcecode.c.objc; path = StackOverflowTests.m; sourceTree = "<group>"; };
		90EE437C1C1627DB007811E8 /* Info.plist */ = {isa = PBXFileReference; lastKnownFileType = text.plist.xml; path = Info.plist; sourceTree = "<group>"; };
		90EE43811C1627DB007811E8 /* StackOverflowUITests.xctest */ = {isa = PBXFileReference; explicitFileType = wrapper.cfbundle; includeInIndex = 0; path = StackOverflowUITests.xctest; sourceTree = BUILT_PRODUCTS_DIR; };
		90EE43851C1627DB007811E8 /* StackOverflowUITests.m */ = {isa = PBXFileReference; lastKnownFileType = sourcecode.c.objc; path = StackOverflowUITests.m; sourceTree = "<group>"; };
		90EE43871C1627DB007811E8 /* Info.plist */ = {isa = PBXFileReference; lastKnownFileType = text.plist.xml; path = Info.plist; sourceTree = "<group>"; };
		90EE43941C16319F007811E8 /* MenuContainerViewController.h */ = {isa = PBXFileReference; fileEncoding = 4; lastKnownFileType = sourcecode.c.h; name = MenuContainerViewController.h; path = ../MenuContainerViewController.h; sourceTree = "<group>"; };
		90EE43951C16319F007811E8 /* MenuContainerViewController.m */ = {isa = PBXFileReference; fileEncoding = 4; lastKnownFileType = sourcecode.c.objc; name = MenuContainerViewController.m; path = ../MenuContainerViewController.m; sourceTree = "<group>"; };
		90EE43971C163254007811E8 /* OAuthWebViewController.h */ = {isa = PBXFileReference; fileEncoding = 4; lastKnownFileType = sourcecode.c.h; name = OAuthWebViewController.h; path = ../OAuthWebViewController.h; sourceTree = "<group>"; };
		90EE43981C163254007811E8 /* OAuthWebViewController.m */ = {isa = PBXFileReference; fileEncoding = 4; lastKnownFileType = sourcecode.c.objc; name = OAuthWebViewController.m; path = ../OAuthWebViewController.m; sourceTree = "<group>"; };
		90EE439A1C16327A007811E8 /* MainContentViewController.h */ = {isa = PBXFileReference; fileEncoding = 4; lastKnownFileType = sourcecode.c.h; name = MainContentViewController.h; path = ../MainContentViewController.h; sourceTree = "<group>"; };
		90EE439B1C16327A007811E8 /* MainContentViewController.m */ = {isa = PBXFileReference; fileEncoding = 4; lastKnownFileType = sourcecode.c.objc; name = MainContentViewController.m; path = ../MainContentViewController.m; sourceTree = "<group>"; };
		90EE439D1C1632AA007811E8 /* MenuTableViewController.h */ = {isa = PBXFileReference; fileEncoding = 4; lastKnownFileType = sourcecode.c.h; name = MenuTableViewController.h; path = ../MenuTableViewController.h; sourceTree = "<group>"; };
		90EE439E1C1632AA007811E8 /* MenuTableViewController.m */ = {isa = PBXFileReference; fileEncoding = 4; lastKnownFileType = sourcecode.c.objc; name = MenuTableViewController.m; path = ../MenuTableViewController.m; sourceTree = "<group>"; };
		90EE43A01C1632EA007811E8 /* MyQuestionsViewController.h */ = {isa = PBXFileReference; fileEncoding = 4; lastKnownFileType = sourcecode.c.h; name = MyQuestionsViewController.h; path = ../MyQuestionsViewController.h; sourceTree = "<group>"; };
		90EE43A11C1632EA007811E8 /* MyQuestionsViewController.m */ = {isa = PBXFileReference; fileEncoding = 4; lastKnownFileType = sourcecode.c.objc; name = MyQuestionsViewController.m; path = ../MyQuestionsViewController.m; sourceTree = "<group>"; };
		978ADD4060B60036A437FFB9 /* Pods.debug.xcconfig */ = {isa = PBXFileReference; includeInIndex = 1; lastKnownFileType = text.xcconfig; name = Pods.debug.xcconfig; path = "Pods/Target Support Files/Pods/Pods.debug.xcconfig"; sourceTree = "<group>"; };
		DB4F121A100FD3D34F75E5B4 /* libPods.a */ = {isa = PBXFileReference; explicitFileType = archive.ar; includeInIndex = 0; path = libPods.a; sourceTree = BUILT_PRODUCTS_DIR; };
/* End PBXFileReference section */

/* Begin PBXFrameworksBuildPhase section */
		90EE43571C1627DA007811E8 /* Frameworks */ = {
			isa = PBXFrameworksBuildPhase;
			buildActionMask = 2147483647;
			files = (
				397CE6DC8DA92A1669534025 /* libPods.a in Frameworks */,
			);
			runOnlyForDeploymentPostprocessing = 0;
		};
		90EE43731C1627DB007811E8 /* Frameworks */ = {
			isa = PBXFrameworksBuildPhase;
			buildActionMask = 2147483647;
			files = (
			);
			runOnlyForDeploymentPostprocessing = 0;
		};
		90EE437E1C1627DB007811E8 /* Frameworks */ = {
			isa = PBXFrameworksBuildPhase;
			buildActionMask = 2147483647;
			files = (
			);
			runOnlyForDeploymentPostprocessing = 0;
		};
/* End PBXFrameworksBuildPhase section */

/* Begin PBXGroup section */
		1A9924292D83B76456B01338 /* Pods */ = {
			isa = PBXGroup;
			children = (
				978ADD4060B60036A437FFB9 /* Pods.debug.xcconfig */,
				7E233B9741545704EA1AEF39 /* Pods.release.xcconfig */,
			);
			name = Pods;
			sourceTree = "<group>";
		};
		759ADC0187FED8414BD30327 /* Frameworks */ = {
			isa = PBXGroup;
			children = (
				DB4F121A100FD3D34F75E5B4 /* libPods.a */,
			);
			name = Frameworks;
			sourceTree = "<group>";
		};
		90EE43511C1627DA007811E8 = {
			isa = PBXGroup;
			children = (
				90EE435C1C1627DA007811E8 /* StackOverflow */,
				90EE43791C1627DB007811E8 /* StackOverflowTests */,
				90EE43841C1627DB007811E8 /* StackOverflowUITests */,
				90EE435B1C1627DA007811E8 /* Products */,
				1A9924292D83B76456B01338 /* Pods */,
				759ADC0187FED8414BD30327 /* Frameworks */,
			);
			sourceTree = "<group>";
		};
		90EE435B1C1627DA007811E8 /* Products */ = {
			isa = PBXGroup;
			children = (
				90EE435A1C1627DA007811E8 /* StackOverflow.app */,
				90EE43761C1627DB007811E8 /* StackOverflowTests.xctest */,
				90EE43811C1627DB007811E8 /* StackOverflowUITests.xctest */,
			);
			name = Products;
			sourceTree = "<group>";
		};
		90EE435C1C1627DA007811E8 /* StackOverflow */ = {
			isa = PBXGroup;
			children = (
				90EE43601C1627DA007811E8 /* AppDelegate.h */,
				90EE43611C1627DA007811E8 /* AppDelegate.m */,
				90EE43941C16319F007811E8 /* MenuContainerViewController.h */,
				90EE43951C16319F007811E8 /* MenuContainerViewController.m */,
				90EE43971C163254007811E8 /* OAuthWebViewController.h */,
				90EE43981C163254007811E8 /* OAuthWebViewController.m */,
				90EE439A1C16327A007811E8 /* MainContentViewController.h */,
				90EE439B1C16327A007811E8 /* MainContentViewController.m */,
				90EE439D1C1632AA007811E8 /* MenuTableViewController.h */,
				90EE439E1C1632AA007811E8 /* MenuTableViewController.m */,
				90EE43A01C1632EA007811E8 /* MyQuestionsViewController.h */,
				90EE43A11C1632EA007811E8 /* MyQuestionsViewController.m */,
				9028864D1C1782D2009AC31F /* User.h */,
				9028864E1C1782D2009AC31F /* User.m */,
				902886501C178821009AC31F /* Questions.h */,
				902886511C178821009AC31F /* Questions.m */,
				90D22E7B1C16715C00CA417A /* Error.h */,
				90D22E7C1C16715C00CA417A /* Error.m */,
				90EE43931C163152007811E8 /* Views */,
				90EE435D1C1627DA007811E8 /* Supporting Files */,
			);
			path = StackOverflow;
			sourceTree = "<group>";
		};
		90EE435D1C1627DA007811E8 /* Supporting Files */ = {
			isa = PBXGroup;
			children = (
				90D22E771C16407500CA417A /* hamburger.png */,
				90EE436E1C1627DA007811E8 /* LaunchScreen.storyboard */,
				90EE43711C1627DA007811E8 /* Info.plist */,
				90EE43691C1627DA007811E8 /* StackOverflow.xcdatamodeld */,
				90EE436C1C1627DA007811E8 /* Assets.xcassets */,
				90EE435E1C1627DA007811E8 /* main.m */,
			);
			name = "Supporting Files";
			sourceTree = "<group>";
		};
		90EE43791C1627DB007811E8 /* StackOverflowTests */ = {
			isa = PBXGroup;
			children = (
				90EE437A1C1627DB007811E8 /* StackOverflowTests.m */,
				90EE437C1C1627DB007811E8 /* Info.plist */,
			);
			path = StackOverflowTests;
			sourceTree = "<group>";
		};
		90EE43841C1627DB007811E8 /* StackOverflowUITests */ = {
			isa = PBXGroup;
			children = (
				90EE43851C1627DB007811E8 /* StackOverflowUITests.m */,
				90EE43871C1627DB007811E8 /* Info.plist */,
			);
			path = StackOverflowUITests;
			sourceTree = "<group>";
		};
		90EE43931C163152007811E8 /* Views */ = {
			isa = PBXGroup;
			children = (
				90EE43661C1627DA007811E8 /* Main.storyboard */,
			);
			name = Views;
			sourceTree = "<group>";
		};
/* End PBXGroup section */

/* Begin PBXNativeTarget section */
		90EE43591C1627DA007811E8 /* StackOverflow */ = {
			isa = PBXNativeTarget;
			buildConfigurationList = 90EE438A1C1627DB007811E8 /* Build configuration list for PBXNativeTarget "StackOverflow" */;
			buildPhases = (
				031AD53CE04C1BF7B9443088 /* Check Pods Manifest.lock */,
				90EE43561C1627DA007811E8 /* Sources */,
				90EE43571C1627DA007811E8 /* Frameworks */,
				90EE43581C1627DA007811E8 /* Resources */,
				9D6279A34D8CEE192D3D2FCC /* Embed Pods Frameworks */,
				F4344B72120FFB8A6954F6B7 /* Copy Pods Resources */,
			);
			buildRules = (
			);
			dependencies = (
			);
			name = StackOverflow;
			productName = StackOverflow;
			productReference = 90EE435A1C1627DA007811E8 /* StackOverflow.app */;
			productType = "com.apple.product-type.application";
		};
		90EE43751C1627DB007811E8 /* StackOverflowTests */ = {
			isa = PBXNativeTarget;
			buildConfigurationList = 90EE438D1C1627DB007811E8 /* Build configuration list for PBXNativeTarget "StackOverflowTests" */;
			buildPhases = (
				90EE43721C1627DB007811E8 /* Sources */,
				90EE43731C1627DB007811E8 /* Frameworks */,
				90EE43741C1627DB007811E8 /* Resources */,
			);
			buildRules = (
			);
			dependencies = (
				90EE43781C1627DB007811E8 /* PBXTargetDependency */,
			);
			name = StackOverflowTests;
			productName = StackOverflowTests;
			productReference = 90EE43761C1627DB007811E8 /* StackOverflowTests.xctest */;
			productType = "com.apple.product-type.bundle.unit-test";
		};
		90EE43801C1627DB007811E8 /* StackOverflowUITests */ = {
			isa = PBXNativeTarget;
			buildConfigurationList = 90EE43901C1627DB007811E8 /* Build configuration list for PBXNativeTarget "StackOverflowUITests" */;
			buildPhases = (
				90EE437D1C1627DB007811E8 /* Sources */,
				90EE437E1C1627DB007811E8 /* Frameworks */,
				90EE437F1C1627DB007811E8 /* Resources */,
			);
			buildRules = (
			);
			dependencies = (
				90EE43831C1627DB007811E8 /* PBXTargetDependency */,
			);
			name = StackOverflowUITests;
			productName = StackOverflowUITests;
			productReference = 90EE43811C1627DB007811E8 /* StackOverflowUITests.xctest */;
			productType = "com.apple.product-type.bundle.ui-testing";
		};
/* End PBXNativeTarget section */

/* Begin PBXProject section */
		90EE43521C1627DA007811E8 /* Project object */ = {
			isa = PBXProject;
			attributes = {
				LastUpgradeCheck = 0710;
				ORGANIZATIONNAME = "Lindsey Boggio";
				TargetAttributes = {
					90EE43591C1627DA007811E8 = {
						CreatedOnToolsVersion = 7.1.1;
						DevelopmentTeam = WKDM22E7R2;
					};
					90EE43751C1627DB007811E8 = {
						CreatedOnToolsVersion = 7.1.1;
						DevelopmentTeam = WKDM22E7R2;
						TestTargetID = 90EE43591C1627DA007811E8;
					};
					90EE43801C1627DB007811E8 = {
						CreatedOnToolsVersion = 7.1.1;
						DevelopmentTeam = WKDM22E7R2;
						TestTargetID = 90EE43591C1627DA007811E8;
					};
				};
			};
			buildConfigurationList = 90EE43551C1627DA007811E8 /* Build configuration list for PBXProject "StackOverflow" */;
			compatibilityVersion = "Xcode 3.2";
			developmentRegion = English;
			hasScannedForEncodings = 0;
			knownRegions = (
				en,
				Base,
			);
			mainGroup = 90EE43511C1627DA007811E8;
			productRefGroup = 90EE435B1C1627DA007811E8 /* Products */;
			projectDirPath = "";
			projectRoot = "";
			targets = (
				90EE43591C1627DA007811E8 /* StackOverflow */,
				90EE43751C1627DB007811E8 /* StackOverflowTests */,
				90EE43801C1627DB007811E8 /* StackOverflowUITests */,
			);
		};
/* End PBXProject section */

/* Begin PBXResourcesBuildPhase section */
		90EE43581C1627DA007811E8 /* Resources */ = {
			isa = PBXResourcesBuildPhase;
			buildActionMask = 2147483647;
			files = (
				90EE43701C1627DA007811E8 /* LaunchScreen.storyboard in Resources */,
				90D22E781C16407500CA417A /* hamburger.png in Resources */,
				90EE436D1C1627DA007811E8 /* Assets.xcassets in Resources */,
				90EE43681C1627DA007811E8 /* Main.storyboard in Resources */,
			);
			runOnlyForDeploymentPostprocessing = 0;
		};
		90EE43741C1627DB007811E8 /* Resources */ = {
			isa = PBXResourcesBuildPhase;
			buildActionMask = 2147483647;
			files = (
			);
			runOnlyForDeploymentPostprocessing = 0;
		};
		90EE437F1C1627DB007811E8 /* Resources */ = {
			isa = PBXResourcesBuildPhase;
			buildActionMask = 2147483647;
			files = (
			);
			runOnlyForDeploymentPostprocessing = 0;
		};
/* End PBXResourcesBuildPhase section */

/* Begin PBXShellScriptBuildPhase section */
		031AD53CE04C1BF7B9443088 /* Check Pods Manifest.lock */ = {
			isa = PBXShellScriptBuildPhase;
			buildActionMask = 2147483647;
			files = (
			);
			inputPaths = (
			);
			name = "Check Pods Manifest.lock";
			outputPaths = (
			);
			runOnlyForDeploymentPostprocessing = 0;
			shellPath = /bin/sh;
			shellScript = "diff \"${PODS_ROOT}/../Podfile.lock\" \"${PODS_ROOT}/Manifest.lock\" > /dev/null\nif [[ $? != 0 ]] ; then\n    cat << EOM\nerror: The sandbox is not in sync with the Podfile.lock. Run 'pod install' or update your CocoaPods installation.\nEOM\n    exit 1\nfi\n";
			showEnvVarsInLog = 0;
		};
		9D6279A34D8CEE192D3D2FCC /* Embed Pods Frameworks */ = {
			isa = PBXShellScriptBuildPhase;
			buildActionMask = 2147483647;
			files = (
			);
			inputPaths = (
			);
			name = "Embed Pods Frameworks";
			outputPaths = (
			);
			runOnlyForDeploymentPostprocessing = 0;
			shellPath = /bin/sh;
			shellScript = "\"${SRCROOT}/Pods/Target Support Files/Pods/Pods-frameworks.sh\"\n";
			showEnvVarsInLog = 0;
		};
		F4344B72120FFB8A6954F6B7 /* Copy Pods Resources */ = {
			isa = PBXShellScriptBuildPhase;
			buildActionMask = 2147483647;
			files = (
			);
			inputPaths = (
			);
			name = "Copy Pods Resources";
			outputPaths = (
			);
			runOnlyForDeploymentPostprocessing = 0;
			shellPath = /bin/sh;
			shellScript = "\"${SRCROOT}/Pods/Target Support Files/Pods/Pods-resources.sh\"\n";
			showEnvVarsInLog = 0;
		};
/* End PBXShellScriptBuildPhase section */

/* Begin PBXSourcesBuildPhase section */
		90EE43561C1627DA007811E8 /* Sources */ = {
			isa = PBXSourcesBuildPhase;
			buildActionMask = 2147483647;
			files = (
				9028864F1C1782D2009AC31F /* User.m in Sources */,
				90D22E7D1C16715C00CA417A /* Error.m in Sources */,
				90EE436B1C1627DA007811E8 /* StackOverflow.xcdatamodeld in Sources */,
				90EE439C1C16327A007811E8 /* MainContentViewController.m in Sources */,
				90EE43621C1627DA007811E8 /* AppDelegate.m in Sources */,
				90EE435F1C1627DA007811E8 /* main.m in Sources */,
				90EE43991C163254007811E8 /* OAuthWebViewController.m in Sources */,
				90EE439F1C1632AA007811E8 /* MenuTableViewController.m in Sources */,
				90EE43A21C1632EA007811E8 /* MyQuestionsViewController.m in Sources */,
				90EE43961C16319F007811E8 /* MenuContainerViewController.m in Sources */,
				902886521C178821009AC31F /* Questions.m in Sources */,
			);
			runOnlyForDeploymentPostprocessing = 0;
		};
		90EE43721C1627DB007811E8 /* Sources */ = {
			isa = PBXSourcesBuildPhase;
			buildActionMask = 2147483647;
			files = (
				90EE437B1C1627DB007811E8 /* StackOverflowTests.m in Sources */,
			);
			runOnlyForDeploymentPostprocessing = 0;
		};
		90EE437D1C1627DB007811E8 /* Sources */ = {
			isa = PBXSourcesBuildPhase;
			buildActionMask = 2147483647;
			files = (
				90EE43861C1627DB007811E8 /* StackOverflowUITests.m in Sources */,
			);
			runOnlyForDeploymentPostprocessing = 0;
		};
/* End PBXSourcesBuildPhase section */

/* Begin PBXTargetDependency section */
		90EE43781C1627DB007811E8 /* PBXTargetDependency */ = {
			isa = PBXTargetDependency;
			target = 90EE43591C1627DA007811E8 /* StackOverflow */;
			targetProxy = 90EE43771C1627DB007811E8 /* PBXContainerItemProxy */;
		};
		90EE43831C1627DB007811E8 /* PBXTargetDependency */ = {
			isa = PBXTargetDependency;
			target = 90EE43591C1627DA007811E8 /* StackOverflow */;
			targetProxy = 90EE43821C1627DB007811E8 /* PBXContainerItemProxy */;
		};
/* End PBXTargetDependency section */

/* Begin PBXVariantGroup section */
		90EE43661C1627DA007811E8 /* Main.storyboard */ = {
			isa = PBXVariantGroup;
			children = (
				90EE43671C1627DA007811E8 /* Base */,
			);
			name = Main.storyboard;
			sourceTree = "<group>";
		};
		90EE436E1C1627DA007811E8 /* LaunchScreen.storyboard */ = {
			isa = PBXVariantGroup;
			children = (
				90EE436F1C1627DA007811E8 /* Base */,
			);
			name = LaunchScreen.storyboard;
			sourceTree = "<group>";
		};
/* End PBXVariantGroup section */

/* Begin XCBuildConfiguration section */
		90EE43881C1627DB007811E8 /* Debug */ = {
			isa = XCBuildConfiguration;
			buildSettings = {
				ALWAYS_SEARCH_USER_PATHS = NO;
				CLANG_CXX_LANGUAGE_STANDARD = "gnu++0x";
				CLANG_CXX_LIBRARY = "libc++";
				CLANG_ENABLE_MODULES = YES;
				CLANG_ENABLE_OBJC_ARC = YES;
				CLANG_WARN_BOOL_CONVERSION = YES;
				CLANG_WARN_CONSTANT_CONVERSION = YES;
				CLANG_WARN_DIRECT_OBJC_ISA_USAGE = YES_ERROR;
				CLANG_WARN_EMPTY_BODY = YES;
				CLANG_WARN_ENUM_CONVERSION = YES;
				CLANG_WARN_INT_CONVERSION = YES;
				CLANG_WARN_OBJC_ROOT_CLASS = YES_ERROR;
				CLANG_WARN_UNREACHABLE_CODE = YES;
				CLANG_WARN__DUPLICATE_METHOD_MATCH = YES;
				"CODE_SIGN_IDENTITY[sdk=iphoneos*]" = "iPhone Developer";
				COPY_PHASE_STRIP = NO;
				DEBUG_INFORMATION_FORMAT = dwarf;
				ENABLE_STRICT_OBJC_MSGSEND = YES;
				ENABLE_TESTABILITY = YES;
				GCC_C_LANGUAGE_STANDARD = gnu99;
				GCC_DYNAMIC_NO_PIC = NO;
				GCC_NO_COMMON_BLOCKS = YES;
				GCC_OPTIMIZATION_LEVEL = 0;
				GCC_PREPROCESSOR_DEFINITIONS = (
					"DEBUG=1",
					"$(inherited)",
				);
				GCC_WARN_64_TO_32_BIT_CONVERSION = YES;
				GCC_WARN_ABOUT_RETURN_TYPE = YES_ERROR;
				GCC_WARN_UNDECLARED_SELECTOR = YES;
				GCC_WARN_UNINITIALIZED_AUTOS = YES_AGGRESSIVE;
				GCC_WARN_UNUSED_FUNCTION = YES;
				GCC_WARN_UNUSED_VARIABLE = YES;
				IPHONEOS_DEPLOYMENT_TARGET = 9.1;
				MTL_ENABLE_DEBUG_INFO = YES;
				ONLY_ACTIVE_ARCH = YES;
				SDKROOT = iphoneos;
				TARGETED_DEVICE_FAMILY = "1,2";
			};
			name = Debug;
		};
		90EE43891C1627DB007811E8 /* Release */ = {
			isa = XCBuildConfiguration;
			buildSettings = {
				ALWAYS_SEARCH_USER_PATHS = NO;
				CLANG_CXX_LANGUAGE_STANDARD = "gnu++0x";
				CLANG_CXX_LIBRARY = "libc++";
				CLANG_ENABLE_MODULES = YES;
				CLANG_ENABLE_OBJC_ARC = YES;
				CLANG_WARN_BOOL_CONVERSION = YES;
				CLANG_WARN_CONSTANT_CONVERSION = YES;
				CLANG_WARN_DIRECT_OBJC_ISA_USAGE = YES_ERROR;
				CLANG_WARN_EMPTY_BODY = YES;
				CLANG_WARN_ENUM_CONVERSION = YES;
				CLANG_WARN_INT_CONVERSION = YES;
				CLANG_WARN_OBJC_ROOT_CLASS = YES_ERROR;
				CLANG_WARN_UNREACHABLE_CODE = YES;
				CLANG_WARN__DUPLICATE_METHOD_MATCH = YES;
				"CODE_SIGN_IDENTITY[sdk=iphoneos*]" = "iPhone Developer";
				COPY_PHASE_STRIP = NO;
				DEBUG_INFORMATION_FORMAT = "dwarf-with-dsym";
				ENABLE_NS_ASSERTIONS = NO;
				ENABLE_STRICT_OBJC_MSGSEND = YES;
				GCC_C_LANGUAGE_STANDARD = gnu99;
				GCC_NO_COMMON_BLOCKS = YES;
				GCC_WARN_64_TO_32_BIT_CONVERSION = YES;
				GCC_WARN_ABOUT_RETURN_TYPE = YES_ERROR;
				GCC_WARN_UNDECLARED_SELECTOR = YES;
				GCC_WARN_UNINITIALIZED_AUTOS = YES_AGGRESSIVE;
				GCC_WARN_UNUSED_FUNCTION = YES;
				GCC_WARN_UNUSED_VARIABLE = YES;
				IPHONEOS_DEPLOYMENT_TARGET = 9.1;
				MTL_ENABLE_DEBUG_INFO = NO;
				SDKROOT = iphoneos;
				TARGETED_DEVICE_FAMILY = "1,2";
				VALIDATE_PRODUCT = YES;
			};
			name = Release;
		};
		90EE438B1C1627DB007811E8 /* Debug */ = {
			isa = XCBuildConfiguration;
			baseConfigurationReference = 978ADD4060B60036A437FFB9 /* Pods.debug.xcconfig */;
			buildSettings = {
				ASSETCATALOG_COMPILER_APPICON_NAME = AppIcon;
				INFOPLIST_FILE = StackOverflow/Info.plist;
				LD_RUNPATH_SEARCH_PATHS = "$(inherited) @executable_path/Frameworks";
				PRODUCT_BUNDLE_IDENTIFIER = "Lindsey-Boggio.StackOverflow";
				PRODUCT_NAME = "$(TARGET_NAME)";
			};
			name = Debug;
		};
		90EE438C1C1627DB007811E8 /* Release */ = {
			isa = XCBuildConfiguration;
			baseConfigurationReference = 7E233B9741545704EA1AEF39 /* Pods.release.xcconfig */;
			buildSettings = {
				ASSETCATALOG_COMPILER_APPICON_NAME = AppIcon;
				INFOPLIST_FILE = StackOverflow/Info.plist;
				LD_RUNPATH_SEARCH_PATHS = "$(inherited) @executable_path/Frameworks";
				PRODUCT_BUNDLE_IDENTIFIER = "Lindsey-Boggio.StackOverflow";
				PRODUCT_NAME = "$(TARGET_NAME)";
			};
			name = Release;
		};
		90EE438E1C1627DB007811E8 /* Debug */ = {
			isa = XCBuildConfiguration;
			buildSettings = {
				BUNDLE_LOADER = "$(TEST_HOST)";
				INFOPLIST_FILE = StackOverflowTests/Info.plist;
				LD_RUNPATH_SEARCH_PATHS = "$(inherited) @executable_path/Frameworks @loader_path/Frameworks";
				PRODUCT_BUNDLE_IDENTIFIER = "Lindsey-Boggio.StackOverflowTests";
				PRODUCT_NAME = "$(TARGET_NAME)";
				TEST_HOST = "$(BUILT_PRODUCTS_DIR)/StackOverflow.app/StackOverflow";
			};
			name = Debug;
		};
		90EE438F1C1627DB007811E8 /* Release */ = {
			isa = XCBuildConfiguration;
			buildSettings = {
				BUNDLE_LOADER = "$(TEST_HOST)";
				INFOPLIST_FILE = StackOverflowTests/Info.plist;
				LD_RUNPATH_SEARCH_PATHS = "$(inherited) @executable_path/Frameworks @loader_path/Frameworks";
				PRODUCT_BUNDLE_IDENTIFIER = "Lindsey-Boggio.StackOverflowTests";
				PRODUCT_NAME = "$(TARGET_NAME)";
				TEST_HOST = "$(BUILT_PRODUCTS_DIR)/StackOverflow.app/StackOverflow";
			};
			name = Release;
		};
		90EE43911C1627DB007811E8 /* Debug */ = {
			isa = XCBuildConfiguration;
			buildSettings = {
				INFOPLIST_FILE = StackOverflowUITests/Info.plist;
				LD_RUNPATH_SEARCH_PATHS = "$(inherited) @executable_path/Frameworks @loader_path/Frameworks";
				PRODUCT_BUNDLE_IDENTIFIER = "Lindsey-Boggio.StackOverflowUITests";
				PRODUCT_NAME = "$(TARGET_NAME)";
				TEST_TARGET_NAME = StackOverflow;
				USES_XCTRUNNER = YES;
			};
			name = Debug;
		};
		90EE43921C1627DB007811E8 /* Release */ = {
			isa = XCBuildConfiguration;
			buildSettings = {
				INFOPLIST_FILE = StackOverflowUITests/Info.plist;
				LD_RUNPATH_SEARCH_PATHS = "$(inherited) @executable_path/Frameworks @loader_path/Frameworks";
				PRODUCT_BUNDLE_IDENTIFIER = "Lindsey-Boggio.StackOverflowUITests";
				PRODUCT_NAME = "$(TARGET_NAME)";
				TEST_TARGET_NAME = StackOverflow;
				USES_XCTRUNNER = YES;
			};
			name = Release;
		};
/* End XCBuildConfiguration section */

/* Begin XCConfigurationList section */
		90EE43551C1627DA007811E8 /* Build configuration list for PBXProject "StackOverflow" */ = {
			isa = XCConfigurationList;
			buildConfigurations = (
				90EE43881C1627DB007811E8 /* Debug */,
				90EE43891C1627DB007811E8 /* Release */,
			);
			defaultConfigurationIsVisible = 0;
			defaultConfigurationName = Release;
		};
		90EE438A1C1627DB007811E8 /* Build configuration list for PBXNativeTarget "StackOverflow" */ = {
			isa = XCConfigurationList;
			buildConfigurations = (
				90EE438B1C1627DB007811E8 /* Debug */,
				90EE438C1C1627DB007811E8 /* Release */,
			);
			defaultConfigurationIsVisible = 0;
			defaultConfigurationName = Release;
		};
		90EE438D1C1627DB007811E8 /* Build configuration list for PBXNativeTarget "StackOverflowTests" */ = {
			isa = XCConfigurationList;
			buildConfigurations = (
				90EE438E1C1627DB007811E8 /* Debug */,
				90EE438F1C1627DB007811E8 /* Release */,
			);
			defaultConfigurationIsVisible = 0;
			defaultConfigurationName = Release;
		};
		90EE43901C1627DB007811E8 /* Build configuration list for PBXNativeTarget "StackOverflowUITests" */ = {
			isa = XCConfigurationList;
			buildConfigurations = (
				90EE43911C1627DB007811E8 /* Debug */,
				90EE43921C1627DB007811E8 /* Release */,
			);
			defaultConfigurationIsVisible = 0;
			defaultConfigurationName = Release;
		};
/* End XCConfigurationList section */

/* Begin XCVersionGroup section */
		90EE43691C1627DA007811E8 /* StackOverflow.xcdatamodeld */ = {
			isa = XCVersionGroup;
			children = (
				90EE436A1C1627DA007811E8 /* StackOverflow.xcdatamodel */,
			);
			currentVersion = 90EE436A1C1627DA007811E8 /* StackOverflow.xcdatamodel */;
			path = StackOverflow.xcdatamodeld;
			sourceTree = "<group>";
			versionGroupType = wrapper.xcdatamodel;
		};
/* End XCVersionGroup section */
	};
	rootObject = 90EE43521C1627DA007811E8 /* Project object */;
}
